
Microsoft Visual Studio Solution File, Format Version 12.00
# Visual Studio Version 16
VisualStudioVersion = 16.0.30114.105
MinimumVisualStudioVersion = 10.0.40219.1
Project("{2150E333-8FDC-42A3-9474-1A3956D46DE8}") = "src", "src", "{67E50651-1BAE-48BD-AF47-3D3A0B88D3BA}"
EndProject
Project("{FAE04EC0-301F-11D3-BF4B-00C04F79EFBC}") = "Api", "src\Api\Api.csproj", "{42BF4DC5-964D-4CA5-BF81-3DCEA1D44CE5}"
EndProject
Project("{2150E333-8FDC-42A3-9474-1A3956D46DE8}") = "test", "test", "{83EC34E7-0162-4360-9C0C-4926D2FE8C64}"
EndProject
Project("{FAE04EC0-301F-11D3-BF4B-00C04F79EFBC}") = "Api.Tests", "test\Api.Tests\Api.Tests.csproj", "{501C6E06-C406-4947-A971-1878F9E6D9A1}"
EndProject
Project("{FAE04EC0-301F-11D3-BF4B-00C04F79EFBC}") = "Api.Domain", "src\Api.Domain\Api.Domain.csproj", "{03C5233B-7FA0-45C5-AFC5-C6F544333153}"
EndProject
Project("{FAE04EC0-301F-11D3-BF4B-00C04F79EFBC}") = "Api.Domain.Tests", "test\Api.Domain.Tests\Api.Domain.Tests.csproj", "{A2DB656E-6022-47C8-989C-EDD12BE51695}"
EndProject
Project("{FAE04EC0-301F-11D3-BF4B-00C04F79EFBC}") = "Api.Tests.Docker", "test\Api.Tests.Docker\Api.Tests.Docker.csproj", "{19C60C3B-8DF0-46A1-A7AC-00178977635E}"
EndProject
Global
	GlobalSection(SolutionConfigurationPlatforms) = preSolution
		Debug|Any CPU = Debug|Any CPU
		Release|Any CPU = Release|Any CPU
	EndGlobalSection
	GlobalSection(SolutionProperties) = preSolution
		HideSolutionNode = FALSE
	EndGlobalSection
	GlobalSection(ProjectConfigurationPlatforms) = postSolution
		{42BF4DC5-964D-4CA5-BF81-3DCEA1D44CE5}.Debug|Any CPU.ActiveCfg = Debug|Any CPU
		{42BF4DC5-964D-4CA5-BF81-3DCEA1D44CE5}.Debug|Any CPU.Build.0 = Debug|Any CPU
		{42BF4DC5-964D-4CA5-BF81-3DCEA1D44CE5}.Release|Any CPU.ActiveCfg = Release|Any CPU
		{42BF4DC5-964D-4CA5-BF81-3DCEA1D44CE5}.Release|Any CPU.Build.0 = Release|Any CPU
		{501C6E06-C406-4947-A971-1878F9E6D9A1}.Debug|Any CPU.ActiveCfg = Debug|Any CPU
		{501C6E06-C406-4947-A971-1878F9E6D9A1}.Debug|Any CPU.Build.0 = Debug|Any CPU
		{501C6E06-C406-4947-A971-1878F9E6D9A1}.Release|Any CPU.ActiveCfg = Release|Any CPU
		{501C6E06-C406-4947-A971-1878F9E6D9A1}.Release|Any CPU.Build.0 = Release|Any CPU
		{03C5233B-7FA0-45C5-AFC5-C6F544333153}.Debug|Any CPU.ActiveCfg = Debug|Any CPU
		{03C5233B-7FA0-45C5-AFC5-C6F544333153}.Debug|Any CPU.Build.0 = Debug|Any CPU
		{03C5233B-7FA0-45C5-AFC5-C6F544333153}.Release|Any CPU.ActiveCfg = Release|Any CPU
		{03C5233B-7FA0-45C5-AFC5-C6F544333153}.Release|Any CPU.Build.0 = Release|Any CPU
		{A2DB656E-6022-47C8-989C-EDD12BE51695}.Debug|Any CPU.ActiveCfg = Debug|Any CPU
		{A2DB656E-6022-47C8-989C-EDD12BE51695}.Debug|Any CPU.Build.0 = Debug|Any CPU
		{A2DB656E-6022-47C8-989C-EDD12BE51695}.Release|Any CPU.ActiveCfg = Release|Any CPU
		{A2DB656E-6022-47C8-989C-EDD12BE51695}.Release|Any CPU.Build.0 = Release|Any CPU
		{19C60C3B-8DF0-46A1-A7AC-00178977635E}.Debug|Any CPU.ActiveCfg = Debug|Any CPU
		{19C60C3B-8DF0-46A1-A7AC-00178977635E}.Debug|Any CPU.Build.0 = Debug|Any CPU
		{19C60C3B-8DF0-46A1-A7AC-00178977635E}.Release|Any CPU.ActiveCfg = Release|Any CPU
		{19C60C3B-8DF0-46A1-A7AC-00178977635E}.Release|Any CPU.Build.0 = Release|Any CPU
	EndGlobalSection
	GlobalSection(NestedProjects) = preSolution
		{42BF4DC5-964D-4CA5-BF81-3DCEA1D44CE5} = {67E50651-1BAE-48BD-AF47-3D3A0B88D3BA}
		{501C6E06-C406-4947-A971-1878F9E6D9A1} = {83EC34E7-0162-4360-9C0C-4926D2FE8C64}
		{03C5233B-7FA0-45C5-AFC5-C6F544333153} = {67E50651-1BAE-48BD-AF47-3D3A0B88D3BA}
		{A2DB656E-6022-47C8-989C-EDD12BE51695} = {83EC34E7-0162-4360-9C0C-4926D2FE8C64}
		{19C60C3B-8DF0-46A1-A7AC-00178977635E} = {83EC34E7-0162-4360-9C0C-4926D2FE8C64}
	EndGlobalSection
EndGlobal
